
Microsoft Visual Studio Solution File, Format Version 12.00
# Visual Studio Version 16
VisualStudioVersion = 16.0.31515.178
MinimumVisualStudioVersion = 10.0.40219.1
Project("{FAE04EC0-301F-11D3-BF4B-00C04F79EFBC}") = "back_MSI_SuperMami", "back_MSI_SuperMami\back_MSI_SuperMami.csproj", "{D625E76B-1CDB-4290-BFA6-21F2FEEDDC17}"
EndProject
Global
	GlobalSection(SolutionConfigurationPlatforms) = preSolution
		Debug|Any CPU = Debug|Any CPU
		Release|Any CPU = Release|Any CPU
	EndGlobalSection
	GlobalSection(ProjectConfigurationPlatforms) = postSolution
		{D625E76B-1CDB-4290-BFA6-21F2FEEDDC17}.Debug|Any CPU.ActiveCfg = Debug|Any CPU
		{D625E76B-1CDB-4290-BFA6-21F2FEEDDC17}.Debug|Any CPU.Build.0 = Debug|Any CPU
		{D625E76B-1CDB-4290-BFA6-21F2FEEDDC17}.Release|Any CPU.ActiveCfg = Release|Any CPU
		{D625E76B-1CDB-4290-BFA6-21F2FEEDDC17}.Release|Any CPU.Build.0 = Release|Any CPU
	EndGlobalSection
	GlobalSection(SolutionProperties) = preSolution
		HideSolutionNode = FALSE
	EndGlobalSection
	GlobalSection(ExtensibilityGlobals) = postSolution
		SolutionGuid = {0C98580D-F3B1-4A34-9446-FAA0FD6CEE74}
	EndGlobalSection
EndGlobal
